Microsoft Visual Studio Solution File, Format Version 11.00
# Visual Studio 2008

Project("{DB7F3308-9ADC-892C-5799-55A35BDCCBB2}") = "JavascriptTextAdventure", "Assembly-CSharp.csproj", "{500D164A-85DC-A83C-AC09-23F52B0586D6}"
EndProject
Global
	GlobalSection(SolutionConfigurationPlatforms) = preSolution
		Debug|Any CPU = Debug|Any CPU
		Release|Any CPU = Release|Any CPU
	EndGlobalSection
	GlobalSection(ProjectConfigurationPlatforms) = postSolution
		{500D164A-85DC-A83C-AC09-23F52B0586D6}.Debug|Any CPU.ActiveCfg = Debug|Any CPU
		{500D164A-85DC-A83C-AC09-23F52B0586D6}.Debug|Any CPU.Build.0 = Debug|Any CPU
		{500D164A-85DC-A83C-AC09-23F52B0586D6}.Release|Any CPU.ActiveCfg = Release|Any CPU
		{500D164A-85DC-A83C-AC09-23F52B0586D6}.Release|Any CPU.Build.0 = Release|Any CPU
	EndGlobalSection
	GlobalSection(SolutionProperties) = preSolution
		HideSolutionNode = FALSE
	EndGlobalSection
	GlobalSection(MonoDevelopProperties) = preSolution
		StartupItem = Assembly-CSharp.csproj
	EndGlobalSection
EndGlobal
